// !$*UTF8*$!
{
	archiveVersion = 1;
	classes = {
	};
	objectVersion = 46;
	objects = {

/* Begin PBXBuildFile section */
		041521BA1C4E8A49008A3511 /* CoreData.framework in Frameworks */ = {isa = PBXBuildFile; fileRef = 041521B91C4E8A49008A3511 /* CoreData.framework */; };
		041521BD1C4E8B82008A3511 /* HudView.m in Sources */ = {isa = PBXBuildFile; fileRef = 041521BC1C4E8B82008A3511 /* HudView.m */; };
		041521C01C4E9AA5008A3511 /* DataModel.xcdatamodeld in Sources */ = {isa = PBXBuildFile; fileRef = 041521BE1C4E9AA5008A3511 /* DataModel.xcdatamodeld */; };
		041521D11C4EA0B1008A3511 /* Location+CoreDataProperties.m in Sources */ = {isa = PBXBuildFile; fileRef = 041521CE1C4EA0B1008A3511 /* Location+CoreDataProperties.m */; };
		041521D21C4EA0B1008A3511 /* Location.m in Sources */ = {isa = PBXBuildFile; fileRef = 041521D01C4EA0B1008A3511 /* Location.m */; };
		0419108A1C50040100C56293 /* LocationsViewController.m in Sources */ = {isa = PBXBuildFile; fileRef = 041910891C50040100C56293 /* LocationsViewController.m */; };
		0419108D1C500C7A00C56293 /* LocationCell.m in Sources */ = {isa = PBXBuildFile; fileRef = 0419108C1C500C7A00C56293 /* LocationCell.m */; };
		041F0D2F1C512BCB008C0983 /* MapKit.framework in Frameworks */ = {isa = PBXBuildFile; fileRef = 041F0D2E1C512BCB008C0983 /* MapKit.framework */; };
		041F0D321C512D55008C0983 /* MapViewController.m in Sources */ = {isa = PBXBuildFile; fileRef = 041F0D311C512D55008C0983 /* MapViewController.m */; };
		046BEE651C528A34006135EA /* UIImage+Resize.m in Sources */ = {isa = PBXBuildFile; fileRef = 046BEE641C528A34006135EA /* UIImage+Resize.m */; };
		046CA7951C4A9C5400CA5E54 /* main.m in Sources */ = {isa = PBXBuildFile; fileRef = 046CA7941C4A9C5400CA5E54 /* main.m */; };
		046CA7981C4A9C5400CA5E54 /* AppDelegate.m in Sources */ = {isa = PBXBuildFile; fileRef = 046CA7971C4A9C5400CA5E54 /* AppDelegate.m */; };
		046CA79B1C4A9C5400CA5E54 /* CurrentLocationViewController.m in Sources */ = {isa = PBXBuildFile; fileRef = 046CA79A1C4A9C5400CA5E54 /* CurrentLocationViewController.m */; };
		046CA79E1C4A9C5400CA5E54 /* SecondViewController.m in Sources */ = {isa = PBXBuildFile; fileRef = 046CA79D1C4A9C5400CA5E54 /* SecondViewController.m */; };
		046CA7A11C4A9C5400CA5E54 /* Main.storyboard in Resources */ = {isa = PBXBuildFile; fileRef = 046CA79F1C4A9C5400CA5E54 /* Main.storyboard */; };
		046CA7A31C4A9C5400CA5E54 /* Assets.xcassets in Resources */ = {isa = PBXBuildFile; fileRef = 046CA7A21C4A9C5400CA5E54 /* Assets.xcassets */; };
		046CA7A61C4A9C5400CA5E54 /* LaunchScreen.storyboard in Resources */ = {isa = PBXBuildFile; fileRef = 046CA7A41C4A9C5400CA5E54 /* LaunchScreen.storyboard */; };
		046CA7AE1C4AA66E00CA5E54 /* CoreLocation.framework in Frameworks */ = {isa = PBXBuildFile; fileRef = 046CA7AD1C4AA66E00CA5E54 /* CoreLocation.framework */; };
		048818B51C4DE406003D9C64 /* LocationDetailViewController.m in Sources */ = {isa = PBXBuildFile; fileRef = 048818B41C4DE406003D9C64 /* LocationDetailViewController.m */; };
		048818B81C4E52B4003D9C64 /* CategoryPickerViewController.m in Sources */ = {isa = PBXBuildFile; fileRef = 048818B71C4E52B4003D9C64 /* CategoryPickerViewController.m */; };
/* End PBXBuildFile section */

/* Begin PBXFileReference section */
		041521B91C4E8A49008A3511 /* CoreData.framework */ = {isa = PBXFileReference; lastKnownFileType = wrapper.framework; name = CoreData.framework; path = System/Library/Frameworks/CoreData.framework; sourceTree = SDKROOT; };
		041521BB1C4E8B82008A3511 /* HudView.h */ = {isa = PBXFileReference; fileEncoding = 4; lastKnownFileType = sourcecode.c.h; path = HudView.h; sourceTree = "<group>"; };
		041521BC1C4E8B82008A3511 /* HudView.m */ = {isa = PBXFileReference; fileEncoding = 4; lastKnownFileType = sourcecode.c.objc; path = HudView.m; sourceTree = "<group>"; };
		041521BF1C4E9AA5008A3511 /* DataModel.xcdatamodel */ = {isa = PBXFileReference; lastKnownFileType = wrapper.xcdatamodel; path = DataModel.xcdatamodel; sourceTree = "<group>"; };
		041521CD1C4EA0B1008A3511 /* Location+CoreDataProperties.h */ = {isa = PBXFileReference; fileEncoding = 4; lastKnownFileType = sourcecode.c.h; path = "Location+CoreDataProperties.h"; sourceTree = "<group>"; };
		041521CE1C4EA0B1008A3511 /* Location+CoreDataProperties.m */ = {isa = PBXFileReference; fileEncoding = 4; lastKnownFileType = sourcecode.c.objc; path = "Location+CoreDataProperties.m"; sourceTree = "<group>"; };
		041521CF1C4EA0B1008A3511 /* Location.h */ = {isa = PBXFileReference; fileEncoding = 4; lastKnownFileType = sourcecode.c.h; path = Location.h; sourceTree = "<group>"; };
		041521D01C4EA0B1008A3511 /* Location.m */ = {isa = PBXFileReference; fileEncoding = 4; lastKnownFileType = sourcecode.c.objc; path = Location.m; sourceTree = "<group>"; };
		041910881C50040100C56293 /* LocationsViewController.h */ = {isa = PBXFileReference; fileEncoding = 4; lastKnownFileType = sourcecode.c.h; path = LocationsViewController.h; sourceTree = "<group>"; };
		041910891C50040100C56293 /* LocationsViewController.m */ = {isa = PBXFileReference; fileEncoding = 4; lastKnownFileType = sourcecode.c.objc; path = LocationsViewController.m; sourceTree = "<group>"; };
		0419108B1C500C7A00C56293 /* LocationCell.h */ = {isa = PBXFileReference; fileEncoding = 4; lastKnownFileType = sourcecode.c.h; path = LocationCell.h; sourceTree = "<group>"; };
		0419108C1C500C7A00C56293 /* LocationCell.m */ = {isa = PBXFileReference; fileEncoding = 4; lastKnownFileType = sourcecode.c.objc; path = LocationCell.m; sourceTree = "<group>"; };
		041F0D2E1C512BCB008C0983 /* MapKit.framework */ = {isa = PBXFileReference; lastKnownFileType = wrapper.framework; name = MapKit.framework; path = System/Library/Frameworks/MapKit.framework; sourceTree = SDKROOT; };
		041F0D301C512D55008C0983 /* MapViewController.h */ = {isa = PBXFileReference; fileEncoding = 4; lastKnownFileType = sourcecode.c.h; path = MapViewController.h; sourceTree = "<group>"; };
		041F0D311C512D55008C0983 /* MapViewController.m */ = {isa = PBXFileReference; fileEncoding = 4; lastKnownFileType = sourcecode.c.objc; path = MapViewController.m; sourceTree = "<group>"; };
		046BBD951C4F450E002059B2 /* MyLocations-Prefix.pch */ = {isa = PBXFileReference; lastKnownFileType = sourcecode.c.h; path = "MyLocations-Prefix.pch"; sourceTree = "<group>"; };
		046BEE631C528A34006135EA /* UIImage+Resize.h */ = {isa = PBXFileReference; fileEncoding = 4; lastKnownFileType = sourcecode.c.h; path = "UIImage+Resize.h"; sourceTree = "<group>"; };
		046BEE641C528A34006135EA /* UIImage+Resize.m */ = {isa = PBXFileReference; fileEncoding = 4; lastKnownFileType = sourcecode.c.objc; path = "UIImage+Resize.m"; sourceTree = "<group>"; };
		046CA7901C4A9C5400CA5E54 /* MyLocations.app */ = {isa = PBXFileReference; explicitFileType = wrapper.application; includeInIndex = 0; path = MyLocations.app; sourceTree = BUILT_PRODUCTS_DIR; };
		046CA7941C4A9C5400CA5E54 /* main.m */ = {isa = PBXFileReference; lastKnownFileType = sourcecode.c.objc; path = main.m; sourceTree = "<group>"; };
		046CA7961C4A9C5400CA5E54 /* AppDelegate.h */ = {isa = PBXFileReference; lastKnownFileType = sourcecode.c.h; path = AppDelegate.h; sourceTree = "<group>"; };
		046CA7971C4A9C5400CA5E54 /* AppDelegate.m */ = {isa = PBXFileReference; lastKnownFileType = sourcecode.c.objc; path = AppDelegate.m; sourceTree = "<group>"; };
		046CA7991C4A9C5400CA5E54 /* CurrentLocationViewController.h */ = {isa = PBXFileReference; lastKnownFileType = sourcecode.c.h; path = CurrentLocationViewController.h; sourceTree = "<group>"; };
		046CA79A1C4A9C5400CA5E54 /* CurrentLocationViewController.m */ = {isa = PBXFileReference; lastKnownFileType = sourcecode.c.objc; path = CurrentLocationViewController.m; sourceTree = "<group>"; };
		046CA79C1C4A9C5400CA5E54 /* SecondViewController.h */ = {isa = PBXFileReference; lastKnownFileType = sourcecode.c.h; path = SecondViewController.h; sourceTree = "<group>"; };
		046CA79D1C4A9C5400CA5E54 /* SecondViewController.m */ = {isa = PBXFileReference; lastKnownFileType = sourcecode.c.objc; path = SecondViewController.m; sourceTree = "<group>"; };
		046CA7A01C4A9C5400CA5E54 /* Base */ = {isa = PBXFileReference; lastKnownFileType = file.storyboard; name = Base; path = Base.lproj/Main.storyboard; sourceTree = "<group>"; };
		046CA7A21C4A9C5400CA5E54 /* Assets.xcassets */ = {isa = PBXFileReference; lastKnownFileType = folder.assetcatalog; path = Assets.xcassets; sourceTree = "<group>"; };
		046CA7A51C4A9C5400CA5E54 /* Base */ = {isa = PBXFileReference; lastKnownFileType = file.storyboard; name = Base; path = Base.lproj/LaunchScreen.storyboard; sourceTree = "<group>"; };
		046CA7A71C4A9C5400CA5E54 /* Info.plist */ = {isa = PBXFileReference; lastKnownFileType = text.plist.xml; path = Info.plist; sourceTree = "<group>"; };
		046CA7AD1C4AA66E00CA5E54 /* CoreLocation.framework */ = {isa = PBXFileReference; lastKnownFileType = wrapper.framework; name = CoreLocation.framework; path = System/Library/Frameworks/CoreLocation.framework; sourceTree = SDKROOT; };
		048818B31C4DE406003D9C64 /* LocationDetailViewController.h */ = {isa = PBXFileReference; fileEncoding = 4; lastKnownFileType = sourcecode.c.h; name = LocationDetailViewController.h; path = ../LocationDetailViewController.h; sourceTree = "<group>"; };
		048818B41C4DE406003D9C64 /* LocationDetailViewController.m */ = {isa = PBXFileReference; fileEncoding = 4; lastKnownFileType = sourcecode.c.objc; name = LocationDetailViewController.m; path = ../LocationDetailViewController.m; sourceTree = "<group>"; };
		048818B61C4E52B4003D9C64 /* CategoryPickerViewController.h */ = {isa = PBXFileReference; fileEncoding = 4; lastKnownFileType = sourcecode.c.h; path = CategoryPickerViewController.h; sourceTree = "<group>"; };
		048818B71C4E52B4003D9C64 /* CategoryPickerViewController.m */ = {isa = PBXFileReference; fileEncoding = 4; lastKnownFileType = sourcecode.c.objc; path = CategoryPickerViewController.m; sourceTree = "<group>"; };
/* End PBXFileReference section */

/* Begin PBXFrameworksBuildPhase section */
		046CA78D1C4A9C5400CA5E54 /* Frameworks */ = {
			isa = PBXFrameworksBuildPhase;
			buildActionMask = 2147483647;
			files = (
				041F0D2F1C512BCB008C0983 /* MapKit.framework in Frameworks */,
				041521BA1C4E8A49008A3511 /* CoreData.framework in Frameworks */,
				046CA7AE1C4AA66E00CA5E54 /* CoreLocation.framework in Frameworks */,
			);
			runOnlyForDeploymentPostprocessing = 0;
		};
/* End PBXFrameworksBuildPhase section */

/* Begin PBXGroup section */
		046CA7871C4A9C5400CA5E54 = {
			isa = PBXGroup;
			children = (
				041F0D2E1C512BCB008C0983 /* MapKit.framework */,
				041521CD1C4EA0B1008A3511 /* Location+CoreDataProperties.h */,
				041521CE1C4EA0B1008A3511 /* Location+CoreDataProperties.m */,
				041521CF1C4EA0B1008A3511 /* Location.h */,
				041521D01C4EA0B1008A3511 /* Location.m */,
				041521BE1C4E9AA5008A3511 /* DataModel.xcdatamodeld */,
				041521B91C4E8A49008A3511 /* CoreData.framework */,
				046CA7AD1C4AA66E00CA5E54 /* CoreLocation.framework */,
				046CA7921C4A9C5400CA5E54 /* MyLocations */,
				046CA7911C4A9C5400CA5E54 /* Products */,
			);
			sourceTree = "<group>";
		};
		046CA7911C4A9C5400CA5E54 /* Products */ = {
			isa = PBXGroup;
			children = (
				046CA7901C4A9C5400CA5E54 /* MyLocations.app */,
			);
			name = Products;
			sourceTree = "<group>";
		};
		046CA7921C4A9C5400CA5E54 /* MyLocations */ = {
			isa = PBXGroup;
			children = (
				046CA7961C4A9C5400CA5E54 /* AppDelegate.h */,
				046CA7971C4A9C5400CA5E54 /* AppDelegate.m */,
				046CA7991C4A9C5400CA5E54 /* CurrentLocationViewController.h */,
				046CA79A1C4A9C5400CA5E54 /* CurrentLocationViewController.m */,
				046CA79C1C4A9C5400CA5E54 /* SecondViewController.h */,
				046CA79D1C4A9C5400CA5E54 /* SecondViewController.m */,
				048818B31C4DE406003D9C64 /* LocationDetailViewController.h */,
				048818B41C4DE406003D9C64 /* LocationDetailViewController.m */,
				048818B61C4E52B4003D9C64 /* CategoryPickerViewController.h */,
				048818B71C4E52B4003D9C64 /* CategoryPickerViewController.m */,
				041910881C50040100C56293 /* LocationsViewController.h */,
				041910891C50040100C56293 /* LocationsViewController.m */,
				041F0D301C512D55008C0983 /* MapViewController.h */,
				041F0D311C512D55008C0983 /* MapViewController.m */,
				0419108B1C500C7A00C56293 /* LocationCell.h */,
				0419108C1C500C7A00C56293 /* LocationCell.m */,
				046CA79F1C4A9C5400CA5E54 /* Main.storyboard */,
				046CA7A21C4A9C5400CA5E54 /* Assets.xcassets */,
				046CA7A41C4A9C5400CA5E54 /* LaunchScreen.storyboard */,
				046CA7A71C4A9C5400CA5E54 /* Info.plist */,
				046CA7931C4A9C5400CA5E54 /* Supporting Files */,
				041521BB1C4E8B82008A3511 /* HudView.h */,
				041521BC1C4E8B82008A3511 /* HudView.m */,
				046BEE631C528A34006135EA /* UIImage+Resize.h */,
				046BEE641C528A34006135EA /* UIImage+Resize.m */,
			);
			path = MyLocations;
			sourceTree = "<group>";
		};
		046CA7931C4A9C5400CA5E54 /* Supporting Files */ = {
			isa = PBXGroup;
			children = (
				046CA7941C4A9C5400CA5E54 /* main.m */,
				046BBD951C4F450E002059B2 /* MyLocations-Prefix.pch */,
			);
			name = "Supporting Files";
			sourceTree = "<group>";
		};
/* End PBXGroup section */

/* Begin PBXNativeTarget section */
		046CA78F1C4A9C5400CA5E54 /* MyLocations */ = {
			isa = PBXNativeTarget;
			buildConfigurationList = 046CA7AA1C4A9C5400CA5E54 /* Build configuration list for PBXNativeTarget "MyLocations" */;
			buildPhases = (
				046CA78C1C4A9C5400CA5E54 /* Sources */,
				046CA78D1C4A9C5400CA5E54 /* Frameworks */,
				046CA78E1C4A9C5400CA5E54 /* Resources */,
			);
			buildRules = (
			);
			dependencies = (
			);
			name = MyLocations;
			productName = MyLocations;
			productReference = 046CA7901C4A9C5400CA5E54 /* MyLocations.app */;
			productType = "com.apple.product-type.application";
		};
/* End PBXNativeTarget section */

/* Begin PBXProject section */
		046CA7881C4A9C5400CA5E54 /* Project object */ = {
			isa = PBXProject;
			attributes = {
				LastUpgradeCheck = 0720;
				ORGANIZATIONNAME = shiziwen;
				TargetAttributes = {
					046CA78F1C4A9C5400CA5E54 = {
						CreatedOnToolsVersion = 7.2;
					};
				};
			};
			buildConfigurationList = 046CA78B1C4A9C5400CA5E54 /* Build configuration list for PBXProject "MyLocations" */;
			compatibilityVersion = "Xcode 3.2";
			developmentRegion = English;
			hasScannedForEncodings = 0;
			knownRegions = (
				en,
				Base,
			);
			mainGroup = 046CA7871C4A9C5400CA5E54;
			productRefGroup = 046CA7911C4A9C5400CA5E54 /* Products */;
			projectDirPath = "";
			projectRoot = "";
			targets = (
				046CA78F1C4A9C5400CA5E54 /* MyLocations */,
			);
		};
/* End PBXProject section */

/* Begin PBXResourcesBuildPhase section */
		046CA78E1C4A9C5400CA5E54 /* Resources */ = {
			isa = PBXResourcesBuildPhase;
			buildActionMask = 2147483647;
			files = (
				046CA7A61C4A9C5400CA5E54 /* LaunchScreen.storyboard in Resources */,
				046CA7A31C4A9C5400CA5E54 /* Assets.xcassets in Resources */,
				046CA7A11C4A9C5400CA5E54 /* Main.storyboard in Resources */,
			);
			runOnlyForDeploymentPostprocessing = 0;
		};
/* End PBXResourcesBuildPhase section */

/* Begin PBXSourcesBuildPhase section */
		046CA78C1C4A9C5400CA5E54 /* Sources */ = {
			isa = PBXSourcesBuildPhase;
			buildActionMask = 2147483647;
			files = (
				048818B51C4DE406003D9C64 /* LocationDetailViewController.m in Sources */,
				041521C01C4E9AA5008A3511 /* DataModel.xcdatamodeld in Sources */,
				046CA79E1C4A9C5400CA5E54 /* SecondViewController.m in Sources */,
				041521D11C4EA0B1008A3511 /* Location+CoreDataProperties.m in Sources */,
				0419108A1C50040100C56293 /* LocationsViewController.m in Sources */,
				046CA7981C4A9C5400CA5E54 /* AppDelegate.m in Sources */,
				0419108D1C500C7A00C56293 /* LocationCell.m in Sources */,
				041F0D321C512D55008C0983 /* MapViewController.m in Sources */,
				046CA79B1C4A9C5400CA5E54 /* CurrentLocationViewController.m in Sources */,
				041521D21C4EA0B1008A3511 /* Location.m in Sources */,
				041521BD1C4E8B82008A3511 /* HudView.m in Sources */,
				048818B81C4E52B4003D9C64 /* CategoryPickerViewController.m in Sources */,
				046CA7951C4A9C5400CA5E54 /* main.m in Sources */,
				046BEE651C528A34006135EA /* UIImage+Resize.m in Sources */,
			);
			runOnlyForDeploymentPostprocessing = 0;
		};
/* End PBXSourcesBuildPhase section */

/* Begin PBXVariantGroup section */
		046CA79F1C4A9C5400CA5E54 /* Main.storyboard */ = {
			isa = PBXVariantGroup;
			children = (
				046CA7A01C4A9C5400CA5E54 /* Base */,
			);
			name = Main.storyboard;
			sourceTree = "<group>";
		};
		046CA7A41C4A9C5400CA5E54 /* LaunchScreen.storyboard */ = {
			isa = PBXVariantGroup;
			children = (
				046CA7A51C4A9C5400CA5E54 /* Base */,
			);
			name = LaunchScreen.storyboard;
			sourceTree = "<group>";
		};
/* End PBXVariantGroup section */

/* Begin XCBuildConfiguration section */
		046CA7A81C4A9C5400CA5E54 /* Debug */ = {
			isa = XCBuildConfiguration;
			buildSettings = {
				ALWAYS_SEARCH_USER_PATHS = NO;
				CLANG_CXX_LANGUAGE_STANDARD = "gnu++0x";
				CLANG_CXX_LIBRARY = "libc++";
				CLANG_ENABLE_MODULES = YES;
				CLANG_ENABLE_OBJC_ARC = YES;
				CLANG_WARN_BOOL_CONVERSION = YES;
				CLANG_WARN_CONSTANT_CONVERSION = YES;
				CLANG_WARN_DIRECT_OBJC_ISA_USAGE = YES_ERROR;
				CLANG_WARN_EMPTY_BODY = YES;
				CLANG_WARN_ENUM_CONVERSION = YES;
				CLANG_WARN_INT_CONVERSION = YES;
				CLANG_WARN_OBJC_ROOT_CLASS = YES_ERROR;
				CLANG_WARN_UNREACHABLE_CODE = YES;
				CLANG_WARN__DUPLICATE_METHOD_MATCH = YES;
				"CODE_SIGN_IDENTITY[sdk=iphoneos*]" = "iPhone Developer";
				COPY_PHASE_STRIP = NO;
				DEBUG_INFORMATION_FORMAT = dwarf;
				ENABLE_STRICT_OBJC_MSGSEND = YES;
				ENABLE_TESTABILITY = YES;
				GCC_C_LANGUAGE_STANDARD = gnu99;
				GCC_DYNAMIC_NO_PIC = NO;
				GCC_NO_COMMON_BLOCKS = YES;
				GCC_OPTIMIZATION_LEVEL = 0;
				GCC_PREPROCESSOR_DEFINITIONS = (
					"DEBUG=1",
					"$(inherited)",
				);
				GCC_WARN_64_TO_32_BIT_CONVERSION = YES;
				GCC_WARN_ABOUT_RETURN_TYPE = YES_ERROR;
				GCC_WARN_UNDECLARED_SELECTOR = YES;
				GCC_WARN_UNINITIALIZED_AUTOS = YES_AGGRESSIVE;
				GCC_WARN_UNUSED_FUNCTION = YES;
				GCC_WARN_UNUSED_VARIABLE = YES;
				IPHONEOS_DEPLOYMENT_TARGET = 9.2;
				MTL_ENABLE_DEBUG_INFO = YES;
				ONLY_ACTIVE_ARCH = YES;
				SDKROOT = iphoneos;
			};
			name = Debug;
		};
		046CA7A91C4A9C5400CA5E54 /* Release */ = {
			isa = XCBuildConfiguration;
			buildSettings = {
				ALWAYS_SEARCH_USER_PATHS = NO;
				CLANG_CXX_LANGUAGE_STANDARD = "gnu++0x";
				CLANG_CXX_LIBRARY = "libc++";
				CLANG_ENABLE_MODULES = YES;
				CLANG_ENABLE_OBJC_ARC = YES;
				CLANG_WARN_BOOL_CONVERSION = YES;
				CLANG_WARN_CONSTANT_CONVERSION = YES;
				CLANG_WARN_DIRECT_OBJC_ISA_USAGE = YES_ERROR;
				CLANG_WARN_EMPTY_BODY = YES;
				CLANG_WARN_ENUM_CONVERSION = YES;
				CLANG_WARN_INT_CONVERSION = YES;
				CLANG_WARN_OBJC_ROOT_CLASS = YES_ERROR;
				CLANG_WARN_UNREACHABLE_CODE = YES;
				CLANG_WARN__DUPLICATE_METHOD_MATCH = YES;
				"CODE_SIGN_IDENTITY[sdk=iphoneos*]" = "iPhone Developer";
				COPY_PHASE_STRIP = NO;
				DEBUG_INFORMATION_FORMAT = "dwarf-with-dsym";
				ENABLE_NS_ASSERTIONS = NO;
				ENABLE_STRICT_OBJC_MSGSEND = YES;
				GCC_C_LANGUAGE_STANDARD = gnu99;
				GCC_NO_COMMON_BLOCKS = YES;
				GCC_WARN_64_TO_32_BIT_CONVERSION = YES;
				GCC_WARN_ABOUT_RETURN_TYPE = YES_ERROR;
				GCC_WARN_UNDECLARED_SELECTOR = YES;
				GCC_WARN_UNINITIALIZED_AUTOS = YES_AGGRESSIVE;
				GCC_WARN_UNUSED_FUNCTION = YES;
				GCC_WARN_UNUSED_VARIABLE = YES;
				IPHONEOS_DEPLOYMENT_TARGET = 9.2;
				MTL_ENABLE_DEBUG_INFO = NO;
				SDKROOT = iphoneos;
				VALIDATE_PRODUCT = YES;
			};
			name = Release;
		};
		046CA7AB1C4A9C5400CA5E54 /* Debug */ = {
			isa = XCBuildConfiguration;
			buildSettings = {
				ASSETCATALOG_COMPILER_APPICON_NAME = AppIcon;
				GCC_PRECOMPILE_PREFIX_HEADER = YES;
				GCC_PREFIX_HEADER = "$(PROJECT_DIR)/MyLocations/MyLocations-Prefix.pch";
				INFOPLIST_FILE = MyLocations/Info.plist;
				LD_RUNPATH_SEARCH_PATHS = "$(inherited) @executable_path/Frameworks";
				PRODUCT_BUNDLE_IDENTIFIER = com.shiziwen.test.MyLocations;
				PRODUCT_NAME = "$(TARGET_NAME)";
			};
			name = Debug;
		};
		046CA7AC1C4A9C5400CA5E54 /* Release */ = {
			isa = XCBuildConfiguration;
			buildSettings = {
				ASSETCATALOG_COMPILER_APPICON_NAME = AppIcon;
				GCC_PRECOMPILE_PREFIX_HEADER = YES;
				GCC_PREFIX_HEADER = "$(PROJECT_DIR)/MyLocations/MyLocations-Prefix.pch";
				INFOPLIST_FILE = MyLocations/Info.plist;
				LD_RUNPATH_SEARCH_PATHS = "$(inherited) @executable_path/Frameworks";
				PRODUCT_BUNDLE_IDENTIFIER = com.shiziwen.test.MyLocations;
				PRODUCT_NAME = "$(TARGET_NAME)";
			};
			name = Release;
		};
/* End XCBuildConfiguration section */

/* Begin XCConfigurationList section */
		046CA78B1C4A9C5400CA5E54 /* Build configuration list for PBXProject "MyLocations" */ = {
			isa = XCConfigurationList;
			buildConfigurations = (
				046CA7A81C4A9C5400CA5E54 /* Debug */,
				046CA7A91C4A9C5400CA5E54 /* Release */,
			);
			defaultConfigurationIsVisible = 0;
			defaultConfigurationName = Release;
		};
		046CA7AA1C4A9C5400CA5E54 /* Build configuration list for PBXNativeTarget "MyLocations" */ = {
			isa = XCConfigurationList;
			buildConfigurations = (
				046CA7AB1C4A9C5400CA5E54 /* Debug */,
				046CA7AC1C4A9C5400CA5E54 /* Release */,
			);
			defaultConfigurationIsVisible = 0;
			defaultConfigurationName = Release;
		};
/* End XCConfigurationList section */

/* Begin XCVersionGroup section */
		041521BE1C4E9AA5008A3511 /* DataModel.xcdatamodeld */ = {
			isa = XCVersionGroup;
			children = (
				041521BF1C4E9AA5008A3511 /* DataModel.xcdatamodel */,
			);
			currentVersion = 041521BF1C4E9AA5008A3511 /* DataModel.xcdatamodel */;
			path = DataModel.xcdatamodeld;
			sourceTree = "<group>";
			versionGroupType = wrapper.xcdatamodel;
		};
/* End XCVersionGroup section */
	};
	rootObject = 046CA7881C4A9C5400CA5E54 /* Project object */;
}
