// !$*UTF8*$!
{
	archiveVersion = 1;
	classes = {
	};
	objectVersion = 46;
	objects = {

/* Begin PBXBuildFile section */
		0418D1351C2581020036C70B /* ChecklitItem.m in Sources */ = {isa = PBXBuildFile; fileRef = 0418D1341C2581020036C70B /* ChecklitItem.m */; };
		04427D021C23FC060025D7D1 /* main.m in Sources */ = {isa = PBXBuildFile; fileRef = 04427D011C23FC060025D7D1 /* main.m */; };
		04427D051C23FC060025D7D1 /* AppDelegate.m in Sources */ = {isa = PBXBuildFile; fileRef = 04427D041C23FC060025D7D1 /* AppDelegate.m */; };
		04427D081C23FC060025D7D1 /* ViewController.m in Sources */ = {isa = PBXBuildFile; fileRef = 04427D071C23FC060025D7D1 /* ViewController.m */; };
		04427D0B1C23FC060025D7D1 /* Main.storyboard in Resources */ = {isa = PBXBuildFile; fileRef = 04427D091C23FC060025D7D1 /* Main.storyboard */; };
		04427D0D1C23FC060025D7D1 /* Assets.xcassets in Resources */ = {isa = PBXBuildFile; fileRef = 04427D0C1C23FC060025D7D1 /* Assets.xcassets */; };
		04427D101C23FC060025D7D1 /* LaunchScreen.storyboard in Resources */ = {isa = PBXBuildFile; fileRef = 04427D0E1C23FC060025D7D1 /* LaunchScreen.storyboard */; };
		047D90531C26CA8D008EAB4F /* AddItemViewController.m in Sources */ = {isa = PBXBuildFile; fileRef = 047D90521C26CA8D008EAB4F /* AddItemViewController.m */; };
/* End PBXBuildFile section */

/* Begin PBXFileReference section */
		0418D1331C2581020036C70B /* ChecklitItem.h */ = {isa = PBXFileReference; fileEncoding = 4; lastKnownFileType = sourcecode.c.h; path = ChecklitItem.h; sourceTree = "<group>"; };
		0418D1341C2581020036C70B /* ChecklitItem.m */ = {isa = PBXFileReference; fileEncoding = 4; lastKnownFileType = sourcecode.c.objc; path = ChecklitItem.m; sourceTree = "<group>"; };
		04427CFD1C23FC060025D7D1 /* Checklists-demo.app */ = {isa = PBXFileReference; explicitFileType = wrapper.application; includeInIndex = 0; path = "Checklists-demo.app"; sourceTree = BUILT_PRODUCTS_DIR; };
		04427D011C23FC060025D7D1 /* main.m */ = {isa = PBXFileReference; lastKnownFileType = sourcecode.c.objc; path = main.m; sourceTree = "<group>"; };
		04427D031C23FC060025D7D1 /* AppDelegate.h */ = {isa = PBXFileReference; lastKnownFileType = sourcecode.c.h; path = AppDelegate.h; sourceTree = "<group>"; };
		04427D041C23FC060025D7D1 /* AppDelegate.m */ = {isa = PBXFileReference; lastKnownFileType = sourcecode.c.objc; path = AppDelegate.m; sourceTree = "<group>"; };
		04427D061C23FC060025D7D1 /* ViewController.h */ = {isa = PBXFileReference; lastKnownFileType = sourcecode.c.h; path = ViewController.h; sourceTree = "<group>"; };
		04427D071C23FC060025D7D1 /* ViewController.m */ = {isa = PBXFileReference; lastKnownFileType = sourcecode.c.objc; path = ViewController.m; sourceTree = "<group>"; };
		04427D0A1C23FC060025D7D1 /* Base */ = {isa = PBXFileReference; lastKnownFileType = file.storyboard; name = Base; path = Base.lproj/Main.storyboard; sourceTree = "<group>"; };
		04427D0C1C23FC060025D7D1 /* Assets.xcassets */ = {isa = PBXFileReference; lastKnownFileType = folder.assetcatalog; path = Assets.xcassets; sourceTree = "<group>"; };
		04427D0F1C23FC060025D7D1 /* Base */ = {isa = PBXFileReference; lastKnownFileType = file.storyboard; name = Base; path = Base.lproj/LaunchScreen.storyboard; sourceTree = "<group>"; };
		04427D111C23FC060025D7D1 /* Info.plist */ = {isa = PBXFileReference; lastKnownFileType = text.plist.xml; path = Info.plist; sourceTree = "<group>"; };
		047D90511C26CA8D008EAB4F /* AddItemViewController.h */ = {isa = PBXFileReference; fileEncoding = 4; lastKnownFileType = sourcecode.c.h; path = AddItemViewController.h; sourceTree = "<group>"; };
		047D90521C26CA8D008EAB4F /* AddItemViewController.m */ = {isa = PBXFileReference; fileEncoding = 4; lastKnownFileType = sourcecode.c.objc; path = AddItemViewController.m; sourceTree = "<group>"; };
/* End PBXFileReference section */

/* Begin PBXFrameworksBuildPhase section */
		04427CFA1C23FC060025D7D1 /* Frameworks */ = {
			isa = PBXFrameworksBuildPhase;
			buildActionMask = 2147483647;
			files = (
			);
			runOnlyForDeploymentPostprocessing = 0;
		};
/* End PBXFrameworksBuildPhase section */

/* Begin PBXGroup section */
		04427CF41C23FC060025D7D1 = {
			isa = PBXGroup;
			children = (
				04427CFF1C23FC060025D7D1 /* Checklists-demo */,
				04427CFE1C23FC060025D7D1 /* Products */,
			);
			sourceTree = "<group>";
		};
		04427CFE1C23FC060025D7D1 /* Products */ = {
			isa = PBXGroup;
			children = (
				04427CFD1C23FC060025D7D1 /* Checklists-demo.app */,
			);
			name = Products;
			sourceTree = "<group>";
		};
		04427CFF1C23FC060025D7D1 /* Checklists-demo */ = {
			isa = PBXGroup;
			children = (
				04427D031C23FC060025D7D1 /* AppDelegate.h */,
				04427D041C23FC060025D7D1 /* AppDelegate.m */,
				04427D061C23FC060025D7D1 /* ViewController.h */,
				04427D071C23FC060025D7D1 /* ViewController.m */,
				04427D091C23FC060025D7D1 /* Main.storyboard */,
				047D90511C26CA8D008EAB4F /* AddItemViewController.h */,
				047D90521C26CA8D008EAB4F /* AddItemViewController.m */,
				04427D0C1C23FC060025D7D1 /* Assets.xcassets */,
				04427D0E1C23FC060025D7D1 /* LaunchScreen.storyboard */,
				04427D111C23FC060025D7D1 /* Info.plist */,
				04427D001C23FC060025D7D1 /* Supporting Files */,
				0418D1331C2581020036C70B /* ChecklitItem.h */,
				0418D1341C2581020036C70B /* ChecklitItem.m */,
			);
			path = "Checklists-demo";
			sourceTree = "<group>";
		};
		04427D001C23FC060025D7D1 /* Supporting Files */ = {
			isa = PBXGroup;
			children = (
				04427D011C23FC060025D7D1 /* main.m */,
			);
			name = "Supporting Files";
			sourceTree = "<group>";
		};
/* End PBXGroup section */

/* Begin PBXNativeTarget section */
		04427CFC1C23FC060025D7D1 /* Checklists-demo */ = {
			isa = PBXNativeTarget;
			buildConfigurationList = 04427D141C23FC060025D7D1 /* Build configuration list for PBXNativeTarget "Checklists-demo" */;
			buildPhases = (
				04427CF91C23FC060025D7D1 /* Sources */,
				04427CFA1C23FC060025D7D1 /* Frameworks */,
				04427CFB1C23FC060025D7D1 /* Resources */,
			);
			buildRules = (
			);
			dependencies = (
			);
			name = "Checklists-demo";
			productName = "Checklists-demo";
			productReference = 04427CFD1C23FC060025D7D1 /* Checklists-demo.app */;
			productType = "com.apple.product-type.application";
		};
/* End PBXNativeTarget section */

/* Begin PBXProject section */
		04427CF51C23FC060025D7D1 /* Project object */ = {
			isa = PBXProject;
			attributes = {
				LastUpgradeCheck = 0720;
				ORGANIZATIONNAME = shiziwen;
				TargetAttributes = {
					04427CFC1C23FC060025D7D1 = {
						CreatedOnToolsVersion = 7.2;
					};
				};
			};
			buildConfigurationList = 04427CF81C23FC060025D7D1 /* Build configuration list for PBXProject "Checklists-demo" */;
			compatibilityVersion = "Xcode 3.2";
			developmentRegion = English;
			hasScannedForEncodings = 0;
			knownRegions = (
				en,
				Base,
			);
			mainGroup = 04427CF41C23FC060025D7D1;
			productRefGroup = 04427CFE1C23FC060025D7D1 /* Products */;
			projectDirPath = "";
			projectRoot = "";
			targets = (
				04427CFC1C23FC060025D7D1 /* Checklists-demo */,
			);
		};
/* End PBXProject section */

/* Begin PBXResourcesBuildPhase section */
		04427CFB1C23FC060025D7D1 /* Resources */ = {
			isa = PBXResourcesBuildPhase;
			buildActionMask = 2147483647;
			files = (
				04427D101C23FC060025D7D1 /* LaunchScreen.storyboard in Resources */,
				04427D0D1C23FC060025D7D1 /* Assets.xcassets in Resources */,
				04427D0B1C23FC060025D7D1 /* Main.storyboard in Resources */,
			);
			runOnlyForDeploymentPostprocessing = 0;
		};
/* End PBXResourcesBuildPhase section */

/* Begin PBXSourcesBuildPhase section */
		04427CF91C23FC060025D7D1 /* Sources */ = {
			isa = PBXSourcesBuildPhase;
			buildActionMask = 2147483647;
			files = (
				04427D081C23FC060025D7D1 /* ViewController.m in Sources */,
				04427D051C23FC060025D7D1 /* AppDelegate.m in Sources */,
				04427D021C23FC060025D7D1 /* main.m in Sources */,
				047D90531C26CA8D008EAB4F /* AddItemViewController.m in Sources */,
				0418D1351C2581020036C70B /* ChecklitItem.m in Sources */,
			);
			runOnlyForDeploymentPostprocessing = 0;
		};
/* End PBXSourcesBuildPhase section */

/* Begin PBXVariantGroup section */
		04427D091C23FC060025D7D1 /* Main.storyboard */ = {
			isa = PBXVariantGroup;
			children = (
				04427D0A1C23FC060025D7D1 /* Base */,
			);
			name = Main.storyboard;
			sourceTree = "<group>";
		};
		04427D0E1C23FC060025D7D1 /* LaunchScreen.storyboard */ = {
			isa = PBXVariantGroup;
			children = (
				04427D0F1C23FC060025D7D1 /* Base */,
			);
			name = LaunchScreen.storyboard;
			sourceTree = "<group>";
		};
/* End PBXVariantGroup section */

/* Begin XCBuildConfiguration section */
		04427D121C23FC060025D7D1 /* Debug */ = {
			isa = XCBuildConfiguration;
			buildSettings = {
				ALWAYS_SEARCH_USER_PATHS = NO;
				CLANG_CXX_LANGUAGE_STANDARD = "gnu++0x";
				CLANG_CXX_LIBRARY = "libc++";
				CLANG_ENABLE_MODULES = YES;
				CLANG_ENABLE_OBJC_ARC = YES;
				CLANG_WARN_BOOL_CONVERSION = YES;
				CLANG_WARN_CONSTANT_CONVERSION = YES;
				CLANG_WARN_DIRECT_OBJC_ISA_USAGE = YES_ERROR;
				CLANG_WARN_EMPTY_BODY = YES;
				CLANG_WARN_ENUM_CONVERSION = YES;
				CLANG_WARN_INT_CONVERSION = YES;
				CLANG_WARN_OBJC_ROOT_CLASS = YES_ERROR;
				CLANG_WARN_UNREACHABLE_CODE = YES;
				CLANG_WARN__DUPLICATE_METHOD_MATCH = YES;
				"CODE_SIGN_IDENTITY[sdk=iphoneos*]" = "iPhone Developer";
				COPY_PHASE_STRIP = NO;
				DEBUG_INFORMATION_FORMAT = dwarf;
				ENABLE_STRICT_OBJC_MSGSEND = YES;
				ENABLE_TESTABILITY = YES;
				GCC_C_LANGUAGE_STANDARD = gnu99;
				GCC_DYNAMIC_NO_PIC = NO;
				GCC_NO_COMMON_BLOCKS = YES;
				GCC_OPTIMIZATION_LEVEL = 0;
				GCC_PREPROCESSOR_DEFINITIONS = (
					"DEBUG=1",
					"$(inherited)",
				);
				GCC_WARN_64_TO_32_BIT_CONVERSION = YES;
				GCC_WARN_ABOUT_RETURN_TYPE = YES_ERROR;
				GCC_WARN_UNDECLARED_SELECTOR = YES;
				GCC_WARN_UNINITIALIZED_AUTOS = YES_AGGRESSIVE;
				GCC_WARN_UNUSED_FUNCTION = YES;
				GCC_WARN_UNUSED_VARIABLE = YES;
				IPHONEOS_DEPLOYMENT_TARGET = 9.2;
				MTL_ENABLE_DEBUG_INFO = YES;
				ONLY_ACTIVE_ARCH = YES;
				SDKROOT = iphoneos;
			};
			name = Debug;
		};
		04427D131C23FC060025D7D1 /* Release */ = {
			isa = XCBuildConfiguration;
			buildSettings = {
				ALWAYS_SEARCH_USER_PATHS = NO;
				CLANG_CXX_LANGUAGE_STANDARD = "gnu++0x";
				CLANG_CXX_LIBRARY = "libc++";
				CLANG_ENABLE_MODULES = YES;
				CLANG_ENABLE_OBJC_ARC = YES;
				CLANG_WARN_BOOL_CONVERSION = YES;
				CLANG_WARN_CONSTANT_CONVERSION = YES;
				CLANG_WARN_DIRECT_OBJC_ISA_USAGE = YES_ERROR;
				CLANG_WARN_EMPTY_BODY = YES;
				CLANG_WARN_ENUM_CONVERSION = YES;
				CLANG_WARN_INT_CONVERSION = YES;
				CLANG_WARN_OBJC_ROOT_CLASS = YES_ERROR;
				CLANG_WARN_UNREACHABLE_CODE = YES;
				CLANG_WARN__DUPLICATE_METHOD_MATCH = YES;
				"CODE_SIGN_IDENTITY[sdk=iphoneos*]" = "iPhone Developer";
				COPY_PHASE_STRIP = NO;
				DEBUG_INFORMATION_FORMAT = "dwarf-with-dsym";
				ENABLE_NS_ASSERTIONS = NO;
				ENABLE_STRICT_OBJC_MSGSEND = YES;
				GCC_C_LANGUAGE_STANDARD = gnu99;
				GCC_NO_COMMON_BLOCKS = YES;
				GCC_WARN_64_TO_32_BIT_CONVERSION = YES;
				GCC_WARN_ABOUT_RETURN_TYPE = YES_ERROR;
				GCC_WARN_UNDECLARED_SELECTOR = YES;
				GCC_WARN_UNINITIALIZED_AUTOS = YES_AGGRESSIVE;
				GCC_WARN_UNUSED_FUNCTION = YES;
				GCC_WARN_UNUSED_VARIABLE = YES;
				IPHONEOS_DEPLOYMENT_TARGET = 9.2;
				MTL_ENABLE_DEBUG_INFO = NO;
				SDKROOT = iphoneos;
				VALIDATE_PRODUCT = YES;
			};
			name = Release;
		};
		04427D151C23FC060025D7D1 /* Debug */ = {
			isa = XCBuildConfiguration;
			buildSettings = {
				ASSETCATALOG_COMPILER_APPICON_NAME = AppIcon;
				INFOPLIST_FILE = "Checklists-demo/Info.plist";
				LD_RUNPATH_SEARCH_PATHS = "$(inherited) @executable_path/Frameworks";
				PRODUCT_BUNDLE_IDENTIFIER = "test.shiziwen.Checklists-demo";
				PRODUCT_NAME = "$(TARGET_NAME)";
			};
			name = Debug;
		};
		04427D161C23FC060025D7D1 /* Release */ = {
			isa = XCBuildConfiguration;
			buildSettings = {
				ASSETCATALOG_COMPILER_APPICON_NAME = AppIcon;
				INFOPLIST_FILE = "Checklists-demo/Info.plist";
				LD_RUNPATH_SEARCH_PATHS = "$(inherited) @executable_path/Frameworks";
				PRODUCT_BUNDLE_IDENTIFIER = "test.shiziwen.Checklists-demo";
				PRODUCT_NAME = "$(TARGET_NAME)";
			};
			name = Release;
		};
/* End XCBuildConfiguration section */

/* Begin XCConfigurationList section */
		04427CF81C23FC060025D7D1 /* Build configuration list for PBXProject "Checklists-demo" */ = {
			isa = XCConfigurationList;
			buildConfigurations = (
				04427D121C23FC060025D7D1 /* Debug */,
				04427D131C23FC060025D7D1 /* Release */,
			);
			defaultConfigurationIsVisible = 0;
			defaultConfigurationName = Release;
		};
		04427D141C23FC060025D7D1 /* Build configuration list for PBXNativeTarget "Checklists-demo" */ = {
			isa = XCConfigurationList;
			buildConfigurations = (
				04427D151C23FC060025D7D1 /* Debug */,
				04427D161C23FC060025D7D1 /* Release */,
			);
			defaultConfigurationIsVisible = 0;
			defaultConfigurationName = Release;
		};
/* End XCConfigurationList section */
	};
	rootObject = 04427CF51C23FC060025D7D1 /* Project object */;
}
